
Microsoft Visual Studio Solution File, Format Version 12.00
# Visual Studio 2017
Project("{FAE04EC0-301F-11D3-BF4B-00C04F79EFBC}") = "TinyShopping.Api", "TinyShopping.Api.csproj", "{02CD7D8F-CD7E-4EC6-80AD-20429F7BC3D6}"
EndProject
Global
	GlobalSection(SolutionConfigurationPlatforms) = preSolution
		Debug|Any CPU = Debug|Any CPU
		Release|Any CPU = Release|Any CPU
	EndGlobalSection
	GlobalSection(ProjectConfigurationPlatforms) = postSolution
		{02CD7D8F-CD7E-4EC6-80AD-20429F7BC3D6}.Debug|Any CPU.ActiveCfg = Debug|Any CPU
		{02CD7D8F-CD7E-4EC6-80AD-20429F7BC3D6}.Debug|Any CPU.Build.0 = Debug|Any CPU
		{02CD7D8F-CD7E-4EC6-80AD-20429F7BC3D6}.Release|Any CPU.ActiveCfg = Release|Any CPU
		{02CD7D8F-CD7E-4EC6-80AD-20429F7BC3D6}.Release|Any CPU.Build.0 = Release|Any CPU
	EndGlobalSection
EndGlobal
